
Microsoft Visual Studio Solution File, Format Version 12.00
# Visual Studio 15
VisualStudioVersion = 15.0.28307.539
MinimumVisualStudioVersion = 10.0.40219.1
Project("{8BC9CEB8-8B4A-11D0-8D11-00A0C91BC942}") = "CS310Project1", "CS310Project1\CS310Project1.vcxproj", "{77875A30-A681-4649-B71B-02FD4547AE4D}"
EndProject
Global
	GlobalSection(SolutionConfigurationPlatforms) = preSolution
		Debug|x64 = Debug|x64
		Debug|x86 = Debug|x86
		Release|x64 = Release|x64
		Release|x86 = Release|x86
	EndGlobalSection
	GlobalSection(ProjectConfigurationPlatforms) = postSolution
		{77875A30-A681-4649-B71B-02FD4547AE4D}.Debug|x64.ActiveCfg = Debug|x64
		{77875A30-A681-4649-B71B-02FD4547AE4D}.Debug|x64.Build.0 = Debug|x64
		{77875A30-A681-4649-B71B-02FD4547AE4D}.Debug|x86.ActiveCfg = Debug|Win32
		{77875A30-A681-4649-B71B-02FD4547AE4D}.Debug|x86.Build.0 = Debug|Win32
		{77875A30-A681-4649-B71B-02FD4547AE4D}.Release|x64.ActiveCfg = Release|x64
		{77875A30-A681-4649-B71B-02FD4547AE4D}.Release|x64.Build.0 = Release|x64
		{77875A30-A681-4649-B71B-02FD4547AE4D}.Release|x86.ActiveCfg = Release|Win32
		{77875A30-A681-4649-B71B-02FD4547AE4D}.Release|x86.Build.0 = Release|Win32
	EndGlobalSection
	GlobalSection(SolutionProperties) = preSolution
		HideSolutionNode = FALSE
	EndGlobalSection
	GlobalSection(ExtensibilityGlobals) = postSolution
		SolutionGuid = {39E73A35-BA50-46BC-9EF0-486F54C8B167}
	EndGlobalSection
EndGlobal
